
Microsoft Visual Studio Solution File, Format Version 12.00
# Visual Studio 2013
VisualStudioVersion = 12.0.31101.0
MinimumVisualStudioVersion = 10.0.40219.1
Project("{FAE04EC0-301F-11D3-BF4B-00C04F79EFBC}") = "FolderToFolderDataTransfer", "FolderToFolderDataTransfer\FolderToFolderDataTransfer.csproj", "{5D370579-D95C-46C2-8A90-5CB2DD96B7DF}"
EndProject
Global
	GlobalSection(SolutionConfigurationPlatforms) = preSolution
		Debug|Any CPU = Debug|Any CPU
		Release|Any CPU = Release|Any CPU
	EndGlobalSection
	GlobalSection(ProjectConfigurationPlatforms) = postSolution
		{5D370579-D95C-46C2-8A90-5CB2DD96B7DF}.Debug|Any CPU.ActiveCfg = Debug|Any CPU
		{5D370579-D95C-46C2-8A90-5CB2DD96B7DF}.Debug|Any CPU.Build.0 = Debug|Any CPU
		{5D370579-D95C-46C2-8A90-5CB2DD96B7DF}.Release|Any CPU.ActiveCfg = Release|Any CPU
		{5D370579-D95C-46C2-8A90-5CB2DD96B7DF}.Release|Any CPU.Build.0 = Release|Any CPU
	EndGlobalSection
	GlobalSection(SolutionProperties) = preSolution
		HideSolutionNode = FALSE
	EndGlobalSection
EndGlobal
